
Microsoft Visual Studio Solution File, Format Version 11.00
# Visual Studio 2010
Project("{FAE04EC0-301F-11D3-BF4B-00C04F79EFBC}") = "ImeSense.Helpers.Mvvm", "src\ImeSense.Helpers.Mvvm\ImeSense.Helpers.Mvvm.csproj", "{F925A430-ED15-48E7-A2A0-AAA6EA367D25}"
EndProject
Project("{2150E333-8FDC-42A3-9474-1A3956D46DE8}") = "Solution Items", "Solution Items", "{2A05C954-5AA6-45BC-B348-80D0FDBCC910}"
	ProjectSection(SolutionItems) = preProject
		.gitignore = .gitignore
		HelpersCollection.vsmdi = HelpersCollection.vsmdi
		LICENSE = LICENSE
		Local.testsettings = Local.testsettings
		README.md = README.md
		TraceAndTestImpact.testsettings = TraceAndTestImpact.testsettings
	EndProjectSection
EndProject
Project("{FAE04EC0-301F-11D3-BF4B-00C04F79EFBC}") = "ImeSense.Helpers.Mvvm.Tests", "src\ImeSense.Helpers.Mvvm.Tests\ImeSense.Helpers.Mvvm.Tests.csproj", "{40098FB0-A8F4-48A8-9AC8-AB42B49ED881}"
EndProject
Project("{FAE04EC0-301F-11D3-BF4B-00C04F79EFBC}") = "ImeSense.Helpers.Mvvm.WpfDemoApplication", "src\ImeSense.Helpers.Mvvm.WpfDemoApplication\ImeSense.Helpers.Mvvm.WpfDemoApplication.csproj", "{D9C149F6-0332-4263-8F46-5A2F0FF38AF9}"
EndProject
Global
	GlobalSection(TestCaseManagementSettings) = postSolution
		CategoryFile = HelpersCollection.vsmdi
	EndGlobalSection
	GlobalSection(SolutionConfigurationPlatforms) = preSolution
		Debug|Any CPU = Debug|Any CPU
		Debug|Mixed Platforms = Debug|Mixed Platforms
		Debug|x86 = Debug|x86
		Release|Any CPU = Release|Any CPU
		Release|Mixed Platforms = Release|Mixed Platforms
		Release|x86 = Release|x86
	EndGlobalSection
	GlobalSection(ProjectConfigurationPlatforms) = postSolution
		{F925A430-ED15-48E7-A2A0-AAA6EA367D25}.Debug|Any CPU.ActiveCfg = Debug|Any CPU
		{F925A430-ED15-48E7-A2A0-AAA6EA367D25}.Debug|Any CPU.Build.0 = Debug|Any CPU
		{F925A430-ED15-48E7-A2A0-AAA6EA367D25}.Debug|Mixed Platforms.ActiveCfg = Debug|Any CPU
		{F925A430-ED15-48E7-A2A0-AAA6EA367D25}.Debug|Mixed Platforms.Build.0 = Debug|Any CPU
		{F925A430-ED15-48E7-A2A0-AAA6EA367D25}.Debug|x86.ActiveCfg = Debug|Any CPU
		{F925A430-ED15-48E7-A2A0-AAA6EA367D25}.Release|Any CPU.ActiveCfg = Release|Any CPU
		{F925A430-ED15-48E7-A2A0-AAA6EA367D25}.Release|Any CPU.Build.0 = Release|Any CPU
		{F925A430-ED15-48E7-A2A0-AAA6EA367D25}.Release|Mixed Platforms.ActiveCfg = Release|Any CPU
		{F925A430-ED15-48E7-A2A0-AAA6EA367D25}.Release|Mixed Platforms.Build.0 = Release|Any CPU
		{F925A430-ED15-48E7-A2A0-AAA6EA367D25}.Release|x86.ActiveCfg = Release|Any CPU
		{40098FB0-A8F4-48A8-9AC8-AB42B49ED881}.Debug|Any CPU.ActiveCfg = Debug|Any CPU
		{40098FB0-A8F4-48A8-9AC8-AB42B49ED881}.Debug|Any CPU.Build.0 = Debug|Any CPU
		{40098FB0-A8F4-48A8-9AC8-AB42B49ED881}.Debug|Mixed Platforms.ActiveCfg = Debug|Any CPU
		{40098FB0-A8F4-48A8-9AC8-AB42B49ED881}.Debug|Mixed Platforms.Build.0 = Debug|Any CPU
		{40098FB0-A8F4-48A8-9AC8-AB42B49ED881}.Debug|x86.ActiveCfg = Debug|Any CPU
		{40098FB0-A8F4-48A8-9AC8-AB42B49ED881}.Release|Any CPU.ActiveCfg = Release|Any CPU
		{40098FB0-A8F4-48A8-9AC8-AB42B49ED881}.Release|Any CPU.Build.0 = Release|Any CPU
		{40098FB0-A8F4-48A8-9AC8-AB42B49ED881}.Release|Mixed Platforms.ActiveCfg = Release|Any CPU
		{40098FB0-A8F4-48A8-9AC8-AB42B49ED881}.Release|Mixed Platforms.Build.0 = Release|Any CPU
		{40098FB0-A8F4-48A8-9AC8-AB42B49ED881}.Release|x86.ActiveCfg = Release|Any CPU
		{D9C149F6-0332-4263-8F46-5A2F0FF38AF9}.Debug|Any CPU.ActiveCfg = Debug|x86
		{D9C149F6-0332-4263-8F46-5A2F0FF38AF9}.Debug|Mixed Platforms.ActiveCfg = Debug|x86
		{D9C149F6-0332-4263-8F46-5A2F0FF38AF9}.Debug|Mixed Platforms.Build.0 = Debug|x86
		{D9C149F6-0332-4263-8F46-5A2F0FF38AF9}.Debug|x86.ActiveCfg = Debug|x86
		{D9C149F6-0332-4263-8F46-5A2F0FF38AF9}.Debug|x86.Build.0 = Debug|x86
		{D9C149F6-0332-4263-8F46-5A2F0FF38AF9}.Release|Any CPU.ActiveCfg = Release|x86
		{D9C149F6-0332-4263-8F46-5A2F0FF38AF9}.Release|Mixed Platforms.ActiveCfg = Release|x86
		{D9C149F6-0332-4263-8F46-5A2F0FF38AF9}.Release|Mixed Platforms.Build.0 = Release|x86
		{D9C149F6-0332-4263-8F46-5A2F0FF38AF9}.Release|x86.ActiveCfg = Release|x86
		{D9C149F6-0332-4263-8F46-5A2F0FF38AF9}.Release|x86.Build.0 = Release|x86
	EndGlobalSection
	GlobalSection(SolutionProperties) = preSolution
		HideSolutionNode = FALSE
	EndGlobalSection
EndGlobal
